
Microsoft Visual Studio Solution File, Format Version 12.00
# Visual Studio Version 17
VisualStudioVersion = 17.0.31903.59
MinimumVisualStudioVersion = 10.0.40219.1
Project("{2150E333-8FDC-42A3-9474-1A3956D46DE8}") = "src", "src", "{827E0CD3-B72D-47B6-A68D-7590B98EB39B}"
EndProject
Project("{FAE04EC0-301F-11D3-BF4B-00C04F79EFBC}") = "RachaConta.Core", "src\RachaConta.Core\RachaConta.Core.csproj", "{626349F4-3FB7-4F01-B76D-8EF7982E0740}"
EndProject
Project("{FAE04EC0-301F-11D3-BF4B-00C04F79EFBC}") = "RachaConta.Application", "src\RachaConta.Application\RachaConta.Application.csproj", "{88D0CE16-A25E-44BF-B182-D5731EEA764A}"
EndProject
Project("{FAE04EC0-301F-11D3-BF4B-00C04F79EFBC}") = "RachaConta.Infrastructure", "src\RachaConta.Infrastructure\RachaConta.Infrastructure.csproj", "{46F777BF-FD9A-4A90-AC14-3282FCC9DBBA}"
EndProject
Project("{FAE04EC0-301F-11D3-BF4B-00C04F79EFBC}") = "RachaConta.Api", "src\RachaConta.Api\RachaConta.Api.csproj", "{97EA5831-8403-4C12-BC4F-C493C10063B6}"
EndProject
Project("{2150E333-8FDC-42A3-9474-1A3956D46DE8}") = "tests", "tests", "{0AB3BF05-4346-4AA6-1389-037BE0695223}"
EndProject
Project("{FAE04EC0-301F-11D3-BF4B-00C04F79EFBC}") = "RachaConta.UnitTests", "tests\RachaConta.UnitTests\RachaConta.UnitTests.csproj", "{6E811CEE-AA8A-4C55-801B-FBD2D0147A3D}"
EndProject
Project("{FAE04EC0-301F-11D3-BF4B-00C04F79EFBC}") = "RachaConta.IntegrationTests", "tests\RachaConta.IntegrationTests\RachaConta.IntegrationTests.csproj", "{5C03D9C9-315B-4CAE-B25D-7EC0417CD81B}"
EndProject
Global
	GlobalSection(SolutionConfigurationPlatforms) = preSolution
		Debug|Any CPU = Debug|Any CPU
		Debug|x64 = Debug|x64
		Debug|x86 = Debug|x86
		Release|Any CPU = Release|Any CPU
		Release|x64 = Release|x64
		Release|x86 = Release|x86
	EndGlobalSection
	GlobalSection(ProjectConfigurationPlatforms) = postSolution
		{626349F4-3FB7-4F01-B76D-8EF7982E0740}.Debug|Any CPU.ActiveCfg = Debug|Any CPU
		{626349F4-3FB7-4F01-B76D-8EF7982E0740}.Debug|Any CPU.Build.0 = Debug|Any CPU
		{626349F4-3FB7-4F01-B76D-8EF7982E0740}.Debug|x64.ActiveCfg = Debug|Any CPU
		{626349F4-3FB7-4F01-B76D-8EF7982E0740}.Debug|x64.Build.0 = Debug|Any CPU
		{626349F4-3FB7-4F01-B76D-8EF7982E0740}.Debug|x86.ActiveCfg = Debug|Any CPU
		{626349F4-3FB7-4F01-B76D-8EF7982E0740}.Debug|x86.Build.0 = Debug|Any CPU
		{626349F4-3FB7-4F01-B76D-8EF7982E0740}.Release|Any CPU.ActiveCfg = Release|Any CPU
		{626349F4-3FB7-4F01-B76D-8EF7982E0740}.Release|Any CPU.Build.0 = Release|Any CPU
		{626349F4-3FB7-4F01-B76D-8EF7982E0740}.Release|x64.ActiveCfg = Release|Any CPU
		{626349F4-3FB7-4F01-B76D-8EF7982E0740}.Release|x64.Build.0 = Release|Any CPU
		{626349F4-3FB7-4F01-B76D-8EF7982E0740}.Release|x86.ActiveCfg = Release|Any CPU
		{626349F4-3FB7-4F01-B76D-8EF7982E0740}.Release|x86.Build.0 = Release|Any CPU
		{88D0CE16-A25E-44BF-B182-D5731EEA764A}.Debug|Any CPU.ActiveCfg = Debug|Any CPU
		{88D0CE16-A25E-44BF-B182-D5731EEA764A}.Debug|Any CPU.Build.0 = Debug|Any CPU
		{88D0CE16-A25E-44BF-B182-D5731EEA764A}.Debug|x64.ActiveCfg = Debug|Any CPU
		{88D0CE16-A25E-44BF-B182-D5731EEA764A}.Debug|x64.Build.0 = Debug|Any CPU
		{88D0CE16-A25E-44BF-B182-D5731EEA764A}.Debug|x86.ActiveCfg = Debug|Any CPU
		{88D0CE16-A25E-44BF-B182-D5731EEA764A}.Debug|x86.Build.0 = Debug|Any CPU
		{88D0CE16-A25E-44BF-B182-D5731EEA764A}.Release|Any CPU.ActiveCfg = Release|Any CPU
		{88D0CE16-A25E-44BF-B182-D5731EEA764A}.Release|Any CPU.Build.0 = Release|Any CPU
		{88D0CE16-A25E-44BF-B182-D5731EEA764A}.Release|x64.ActiveCfg = Release|Any CPU
		{88D0CE16-A25E-44BF-B182-D5731EEA764A}.Release|x64.Build.0 = Release|Any CPU
		{88D0CE16-A25E-44BF-B182-D5731EEA764A}.Release|x86.ActiveCfg = Release|Any CPU
		{88D0CE16-A25E-44BF-B182-D5731EEA764A}.Release|x86.Build.0 = Release|Any CPU
		{46F777BF-FD9A-4A90-AC14-3282FCC9DBBA}.Debug|Any CPU.ActiveCfg = Debug|Any CPU
		{46F777BF-FD9A-4A90-AC14-3282FCC9DBBA}.Debug|Any CPU.Build.0 = Debug|Any CPU
		{46F777BF-FD9A-4A90-AC14-3282FCC9DBBA}.Debug|x64.ActiveCfg = Debug|Any CPU
		{46F777BF-FD9A-4A90-AC14-3282FCC9DBBA}.Debug|x64.Build.0 = Debug|Any CPU
		{46F777BF-FD9A-4A90-AC14-3282FCC9DBBA}.Debug|x86.ActiveCfg = Debug|Any CPU
		{46F777BF-FD9A-4A90-AC14-3282FCC9DBBA}.Debug|x86.Build.0 = Debug|Any CPU
		{46F777BF-FD9A-4A90-AC14-3282FCC9DBBA}.Release|Any CPU.ActiveCfg = Release|Any CPU
		{46F777BF-FD9A-4A90-AC14-3282FCC9DBBA}.Release|Any CPU.Build.0 = Release|Any CPU
		{46F777BF-FD9A-4A90-AC14-3282FCC9DBBA}.Release|x64.ActiveCfg = Release|Any CPU
		{46F777BF-FD9A-4A90-AC14-3282FCC9DBBA}.Release|x64.Build.0 = Release|Any CPU
		{46F777BF-FD9A-4A90-AC14-3282FCC9DBBA}.Release|x86.ActiveCfg = Release|Any CPU
		{46F777BF-FD9A-4A90-AC14-3282FCC9DBBA}.Release|x86.Build.0 = Release|Any CPU
		{97EA5831-8403-4C12-BC4F-C493C10063B6}.Debug|Any CPU.ActiveCfg = Debug|Any CPU
		{97EA5831-8403-4C12-BC4F-C493C10063B6}.Debug|Any CPU.Build.0 = Debug|Any CPU
		{97EA5831-8403-4C12-BC4F-C493C10063B6}.Debug|x64.ActiveCfg = Debug|Any CPU
		{97EA5831-8403-4C12-BC4F-C493C10063B6}.Debug|x64.Build.0 = Debug|Any CPU
		{97EA5831-8403-4C12-BC4F-C493C10063B6}.Debug|x86.ActiveCfg = Debug|Any CPU
		{97EA5831-8403-4C12-BC4F-C493C10063B6}.Debug|x86.Build.0 = Debug|Any CPU
		{97EA5831-8403-4C12-BC4F-C493C10063B6}.Release|Any CPU.ActiveCfg = Release|Any CPU
		{97EA5831-8403-4C12-BC4F-C493C10063B6}.Release|Any CPU.Build.0 = Release|Any CPU
		{97EA5831-8403-4C12-BC4F-C493C10063B6}.Release|x64.ActiveCfg = Release|Any CPU
		{97EA5831-8403-4C12-BC4F-C493C10063B6}.Release|x64.Build.0 = Release|Any CPU
		{97EA5831-8403-4C12-BC4F-C493C10063B6}.Release|x86.ActiveCfg = Release|Any CPU
		{97EA5831-8403-4C12-BC4F-C493C10063B6}.Release|x86.Build.0 = Release|Any CPU
		{6E811CEE-AA8A-4C55-801B-FBD2D0147A3D}.Debug|Any CPU.ActiveCfg = Debug|Any CPU
		{6E811CEE-AA8A-4C55-801B-FBD2D0147A3D}.Debug|Any CPU.Build.0 = Debug|Any CPU
		{6E811CEE-AA8A-4C55-801B-FBD2D0147A3D}.Debug|x64.ActiveCfg = Debug|Any CPU
		{6E811CEE-AA8A-4C55-801B-FBD2D0147A3D}.Debug|x64.Build.0 = Debug|Any CPU
		{6E811CEE-AA8A-4C55-801B-FBD2D0147A3D}.Debug|x86.ActiveCfg = Debug|Any CPU
		{6E811CEE-AA8A-4C55-801B-FBD2D0147A3D}.Debug|x86.Build.0 = Debug|Any CPU
		{6E811CEE-AA8A-4C55-801B-FBD2D0147A3D}.Release|Any CPU.ActiveCfg = Release|Any CPU
		{6E811CEE-AA8A-4C55-801B-FBD2D0147A3D}.Release|Any CPU.Build.0 = Release|Any CPU
		{6E811CEE-AA8A-4C55-801B-FBD2D0147A3D}.Release|x64.ActiveCfg = Release|Any CPU
		{6E811CEE-AA8A-4C55-801B-FBD2D0147A3D}.Release|x64.Build.0 = Release|Any CPU
		{6E811CEE-AA8A-4C55-801B-FBD2D0147A3D}.Release|x86.ActiveCfg = Release|Any CPU
		{6E811CEE-AA8A-4C55-801B-FBD2D0147A3D}.Release|x86.Build.0 = Release|Any CPU
		{5C03D9C9-315B-4CAE-B25D-7EC0417CD81B}.Debug|Any CPU.ActiveCfg = Debug|Any CPU
		{5C03D9C9-315B-4CAE-B25D-7EC0417CD81B}.Debug|Any CPU.Build.0 = Debug|Any CPU
		{5C03D9C9-315B-4CAE-B25D-7EC0417CD81B}.Debug|x64.ActiveCfg = Debug|Any CPU
		{5C03D9C9-315B-4CAE-B25D-7EC0417CD81B}.Debug|x64.Build.0 = Debug|Any CPU
		{5C03D9C9-315B-4CAE-B25D-7EC0417CD81B}.Debug|x86.ActiveCfg = Debug|Any CPU
		{5C03D9C9-315B-4CAE-B25D-7EC0417CD81B}.Debug|x86.Build.0 = Debug|Any CPU
		{5C03D9C9-315B-4CAE-B25D-7EC0417CD81B}.Release|Any CPU.ActiveCfg = Release|Any CPU
		{5C03D9C9-315B-4CAE-B25D-7EC0417CD81B}.Release|Any CPU.Build.0 = Release|Any CPU
		{5C03D9C9-315B-4CAE-B25D-7EC0417CD81B}.Release|x64.ActiveCfg = Release|Any CPU
		{5C03D9C9-315B-4CAE-B25D-7EC0417CD81B}.Release|x64.Build.0 = Release|Any CPU
		{5C03D9C9-315B-4CAE-B25D-7EC0417CD81B}.Release|x86.ActiveCfg = Release|Any CPU
		{5C03D9C9-315B-4CAE-B25D-7EC0417CD81B}.Release|x86.Build.0 = Release|Any CPU
	EndGlobalSection
	GlobalSection(SolutionProperties) = preSolution
		HideSolutionNode = FALSE
	EndGlobalSection
	GlobalSection(NestedProjects) = preSolution
		{626349F4-3FB7-4F01-B76D-8EF7982E0740} = {827E0CD3-B72D-47B6-A68D-7590B98EB39B}
		{88D0CE16-A25E-44BF-B182-D5731EEA764A} = {827E0CD3-B72D-47B6-A68D-7590B98EB39B}
		{46F777BF-FD9A-4A90-AC14-3282FCC9DBBA} = {827E0CD3-B72D-47B6-A68D-7590B98EB39B}
		{97EA5831-8403-4C12-BC4F-C493C10063B6} = {827E0CD3-B72D-47B6-A68D-7590B98EB39B}
		{6E811CEE-AA8A-4C55-801B-FBD2D0147A3D} = {0AB3BF05-4346-4AA6-1389-037BE0695223}
		{5C03D9C9-315B-4CAE-B25D-7EC0417CD81B} = {0AB3BF05-4346-4AA6-1389-037BE0695223}
	EndGlobalSection
EndGlobal
